
Microsoft Visual Studio Solution File, Format Version 12.00
# Visual Studio 15
VisualStudioVersion = 15.0.28307.106
MinimumVisualStudioVersion = 10.0.40219.1
Project("{FAE04EC0-301F-11D3-BF4B-00C04F79EFBC}") = "Gahfour_web_shop_2", "Gahfour_web_shop_2\Gahfour_web_shop_2.csproj", "{445F7565-306D-4AE1-BC9F-0E517E2E5F6F}"
EndProject
Global
	GlobalSection(SolutionConfigurationPlatforms) = preSolution
		Debug|Any CPU = Debug|Any CPU
		Release|Any CPU = Release|Any CPU
	EndGlobalSection
	GlobalSection(ProjectConfigurationPlatforms) = postSolution
		{445F7565-306D-4AE1-BC9F-0E517E2E5F6F}.Debug|Any CPU.ActiveCfg = Debug|Any CPU
		{445F7565-306D-4AE1-BC9F-0E517E2E5F6F}.Debug|Any CPU.Build.0 = Debug|Any CPU
		{445F7565-306D-4AE1-BC9F-0E517E2E5F6F}.Release|Any CPU.ActiveCfg = Release|Any CPU
		{445F7565-306D-4AE1-BC9F-0E517E2E5F6F}.Release|Any CPU.Build.0 = Release|Any CPU
	EndGlobalSection
	GlobalSection(SolutionProperties) = preSolution
		HideSolutionNode = FALSE
	EndGlobalSection
	GlobalSection(ExtensibilityGlobals) = postSolution
		SolutionGuid = {58776B06-6196-4D1C-8545-DC5EDC2A2E8A}
	EndGlobalSection
EndGlobal
